
Microsoft Visual Studio Solution File, Format Version 12.00
# Visual Studio Version 16
VisualStudioVersion = 25.0.1704.4
MinimumVisualStudioVersion = 10.0.40219.1
Project("{FAE04EC0-301F-11D3-BF4B-00C04F79EFBC}") = "finaldotnetproject", "finaldotnetproject\finaldotnetproject.csproj", "{B768B401-C128-432E-89BD-EBEC6E836BE8}"
EndProject
Global
	GlobalSection(SolutionConfigurationPlatforms) = preSolution
		Debug|Any CPU = Debug|Any CPU
		Release|Any CPU = Release|Any CPU
	EndGlobalSection
	GlobalSection(ProjectConfigurationPlatforms) = postSolution
		{B768B401-C128-432E-89BD-EBEC6E836BE8}.Debug|Any CPU.ActiveCfg = Debug|Any CPU
		{B768B401-C128-432E-89BD-EBEC6E836BE8}.Debug|Any CPU.Build.0 = Debug|Any CPU
		{B768B401-C128-432E-89BD-EBEC6E836BE8}.Release|Any CPU.ActiveCfg = Release|Any CPU
		{B768B401-C128-432E-89BD-EBEC6E836BE8}.Release|Any CPU.Build.0 = Release|Any CPU
	EndGlobalSection
	GlobalSection(SolutionProperties) = preSolution
		HideSolutionNode = FALSE
	EndGlobalSection
	GlobalSection(ExtensibilityGlobals) = postSolution
		SolutionGuid = {AF33F0C2-1571-4C7D-B4B6-DA382AC9E153}
	EndGlobalSection
EndGlobal
